{
  "version": "4",
  "specifiers": {
    "jsr:@leawind/delegate@0.5": "0.5.0",
    "jsr:@leawind/inventory@*": "0.9.1",
    "jsr:@std/assert@*": "1.0.11",
    "jsr:@std/internal@^1.0.5": "1.0.5"
  },
  "jsr": {
    "@leawind/delegate@0.5.0": {
      "integrity": "2b26a7c0ba2c5c334aa146fabc37c2622582de62d0806eb0ca9aa027dba202f0"
    },
    "@leawind/inventory@0.9.1": {
      "integrity": "7be62f04e526f741723158f39c22e3e762a57434001d5757310f12710f09b6bf"
    },
    "@std/assert@1.0.11": {
      "integrity": "2461ef3c368fe88bc60e186e7744a93112f16fd110022e113a0849e94d1c83c1",
      "dependencies": [
        "jsr:@std/internal"
      ]
    },
    "@std/internal@1.0.5": {
      "integrity": "54a546004f769c1ac9e025abd15a76b6671ddc9687e2313b67376125650dc7ba"
    }
  },
  "remote": {
    "https://deno.land/std@0.95.0/fmt/colors.ts": "db22b314a2ae9430ae7460ce005e0a7130e23ae1c999157e3bb77cf55800f7e4",
    "https://deno.land/std@0.95.0/testing/_diff.ts": "961eaf6d9f5b0a8556c9d835bbc6fa74f5addd7d3b02728ba7936ff93364f7a3",
    "https://deno.land/std@0.95.0/testing/asserts.ts": "06ca5f20da42af5960bab649010b6e3e3e476f695223bffe11ce7ae80365b262"
  },
  "workspace": {
    "dependencies": [
      "jsr:@leawind/delegate@0.5"
    ]
  }
}
