{
  "version": "4",
  "specifiers": {
    "jsr:@leawind/delegate@0.4": "0.4.1",
    "jsr:@leawind/delegate@~0.5.2": "0.5.2",
    "jsr:@leawind/inventory@*": "0.9.1",
    "jsr:@leawind/inventory@~0.9.2": "0.9.2",
    "jsr:@std/assert@*": "1.0.11",
    "jsr:@std/assert@^1.0.13": "1.0.13",
    "jsr:@std/internal@^1.0.5": "1.0.5",
    "jsr:@std/internal@^1.0.6": "1.0.6",
    "jsr:@std/path@1": "1.0.9"
  },
  "jsr": {
    "@leawind/delegate@0.4.1": {
      "integrity": "882bd86d38af9864d6e060a548b2e7b3fd021882d2a1f3b6980780a250cf2fe8"
    },
    "@leawind/delegate@0.5.2": {
      "integrity": "c274cbbf8a5d16d4cfe6a2672e052499f3c9833e715da9e0052aa757e9aab66a"
    },
    "@leawind/inventory@0.9.1": {
      "integrity": "7be62f04e526f741723158f39c22e3e762a57434001d5757310f12710f09b6bf"
    },
    "@leawind/inventory@0.9.2": {
      "integrity": "5b3c635e7d818916fb36c255b7f55701b0b8e42663f4d10884b953f026d2e914",
      "dependencies": [
        "jsr:@leawind/delegate@0.4",
        "jsr:@std/path"
      ]
    },
    "@std/assert@1.0.11": {
      "integrity": "2461ef3c368fe88bc60e186e7744a93112f16fd110022e113a0849e94d1c83c1",
      "dependencies": [
        "jsr:@std/internal@^1.0.5"
      ]
    },
    "@std/assert@1.0.13": {
      "integrity": "ae0d31e41919b12c656c742b22522c32fb26ed0cba32975cb0de2a273cb68b29",
      "dependencies": [
        "jsr:@std/internal@^1.0.6"
      ]
    },
    "@std/internal@1.0.5": {
      "integrity": "54a546004f769c1ac9e025abd15a76b6671ddc9687e2313b67376125650dc7ba"
    },
    "@std/internal@1.0.6": {
      "integrity": "9533b128f230f73bd209408bb07a4b12f8d4255ab2a4d22a1fd6d87304aca9a4"
    },
    "@std/path@1.0.9": {
      "integrity": "260a49f11edd3db93dd38350bf9cd1b4d1366afa98e81b86167b4e3dd750129e"
    }
  },
  "remote": {
    "https://deno.land/std@0.95.0/fmt/colors.ts": "db22b314a2ae9430ae7460ce005e0a7130e23ae1c999157e3bb77cf55800f7e4",
    "https://deno.land/std@0.95.0/testing/_diff.ts": "961eaf6d9f5b0a8556c9d835bbc6fa74f5addd7d3b02728ba7936ff93364f7a3",
    "https://deno.land/std@0.95.0/testing/asserts.ts": "06ca5f20da42af5960bab649010b6e3e3e476f695223bffe11ce7ae80365b262"
  },
  "workspace": {
    "dependencies": [
      "jsr:@leawind/delegate@~0.5.2",
      "jsr:@leawind/inventory@~0.9.2",
      "jsr:@std/assert@^1.0.13"
    ]
  }
}
